// !$*UTF8*$!
{
	archiveVersion = 1;
	classes = {
	};
	objectVersion = 50;
	objects = {

/* Begin PBXBuildFile section */
		9E4A5E6F25E552DA0000983C /* beep1.mp3 in Resources */ = {isa = PBXBuildFile; fileRef = 9E4A5E6E25E552DA0000983C /* beep1.mp3 */; };
		9E4A5E7425E55BF70000983C /* PayViewController.m in Sources */ = {isa = PBXBuildFile; fileRef = 9E4A5E7325E55BF70000983C /* PayViewController.m */; };
		9E4A5E7725E5B27B0000983C /* UIUtils.m in Sources */ = {isa = PBXBuildFile; fileRef = 9EE3E8DA25E539DF000B16CD /* UIUtils.m */; };
		9EA02D8D25E9933300847FB1 /* TabView.storyboard in Resources */ = {isa = PBXBuildFile; fileRef = 9EA02D8C25E9933300847FB1 /* TabView.storyboard */; };
		9EE3E8B925E44CC8000B16CD /* AppDelegate.m in Sources */ = {isa = PBXBuildFile; fileRef = 9EE3E8B825E44CC8000B16CD /* AppDelegate.m */; };
		9EE3E8BC25E44CC8000B16CD /* SceneDelegate.m in Sources */ = {isa = PBXBuildFile; fileRef = 9EE3E8BB25E44CC8000B16CD /* SceneDelegate.m */; };
		9EE3E8BF25E44CC9000B16CD /* ViewController.m in Sources */ = {isa = PBXBuildFile; fileRef = 9EE3E8BE25E44CC8000B16CD /* ViewController.m */; };
		9EE3E8C225E44CC9000B16CD /* Main.storyboard in Resources */ = {isa = PBXBuildFile; fileRef = 9EE3E8C025E44CC9000B16CD /* Main.storyboard */; };
		9EE3E8C425E44CCC000B16CD /* Assets.xcassets in Resources */ = {isa = PBXBuildFile; fileRef = 9EE3E8C325E44CCC000B16CD /* Assets.xcassets */; };
		9EE3E8C725E44CCC000B16CD /* LaunchScreen.storyboard in Resources */ = {isa = PBXBuildFile; fileRef = 9EE3E8C525E44CCC000B16CD /* LaunchScreen.storyboard */; };
		9EE3E8CA25E44CCC000B16CD /* main.m in Sources */ = {isa = PBXBuildFile; fileRef = 9EE3E8C925E44CCC000B16CD /* main.m */; };
		9EE3E8D525E538E5000B16CD /* ScanViewController.m in Sources */ = {isa = PBXBuildFile; fileRef = 9EE3E8D425E538E5000B16CD /* ScanViewController.m */; };
		9EE3E8D825E5398E000B16CD /* UIUtils.h in Sources */ = {isa = PBXBuildFile; fileRef = 9EE3E8D725E5398E000B16CD /* UIUtils.h */; };
		9EE3E8E125E53BC2000B16CD /* AVFoundation.framework in Frameworks */ = {isa = PBXBuildFile; fileRef = 9EE3E8E025E53BC2000B16CD /* AVFoundation.framework */; };
		9EE3E8E525E53C44000B16CD /* CoreFoundation.framework in Frameworks */ = {isa = PBXBuildFile; fileRef = 9EE3E8E425E53C44000B16CD /* CoreFoundation.framework */; };
		9EE3E8E725E53C54000B16CD /* Foundation.framework in Frameworks */ = {isa = PBXBuildFile; fileRef = 9EE3E8E625E53C54000B16CD /* Foundation.framework */; };
		9EE3E8E925E53C62000B16CD /* ImageCaptureCore.framework in Frameworks */ = {isa = PBXBuildFile; fileRef = 9EE3E8E825E53C62000B16CD /* ImageCaptureCore.framework */; };
/* End PBXBuildFile section */

/* Begin PBXFileReference section */
		9E4A5E6E25E552DA0000983C /* beep1.mp3 */ = {isa = PBXFileReference; lastKnownFileType = audio.mp3; path = beep1.mp3; sourceTree = "<group>"; };
		9E4A5E7225E55BF70000983C /* PayViewController.h */ = {isa = PBXFileReference; lastKnownFileType = sourcecode.c.h; path = PayViewController.h; sourceTree = "<group>"; };
		9E4A5E7325E55BF70000983C /* PayViewController.m */ = {isa = PBXFileReference; lastKnownFileType = sourcecode.c.objc; path = PayViewController.m; sourceTree = "<group>"; };
		9EA02D8C25E9933300847FB1 /* TabView.storyboard */ = {isa = PBXFileReference; lastKnownFileType = file.storyboard; path = TabView.storyboard; sourceTree = "<group>"; };
		9EE3E8B425E44CC8000B16CD /* Circle Consumer Wallet.app */ = {isa = PBXFileReference; explicitFileType = wrapper.application; includeInIndex = 0; path = "Circle Consumer Wallet.app"; sourceTree = BUILT_PRODUCTS_DIR; };
		9EE3E8B725E44CC8000B16CD /* AppDelegate.h */ = {isa = PBXFileReference; lastKnownFileType = sourcecode.c.h; path = AppDelegate.h; sourceTree = "<group>"; };
		9EE3E8B825E44CC8000B16CD /* AppDelegate.m */ = {isa = PBXFileReference; lastKnownFileType = sourcecode.c.objc; path = AppDelegate.m; sourceTree = "<group>"; };
		9EE3E8BA25E44CC8000B16CD /* SceneDelegate.h */ = {isa = PBXFileReference; lastKnownFileType = sourcecode.c.h; path = SceneDelegate.h; sourceTree = "<group>"; };
		9EE3E8BB25E44CC8000B16CD /* SceneDelegate.m */ = {isa = PBXFileReference; lastKnownFileType = sourcecode.c.objc; path = SceneDelegate.m; sourceTree = "<group>"; };
		9EE3E8BD25E44CC8000B16CD /* ViewController.h */ = {isa = PBXFileReference; lastKnownFileType = sourcecode.c.h; path = ViewController.h; sourceTree = "<group>"; };
		9EE3E8BE25E44CC8000B16CD /* ViewController.m */ = {isa = PBXFileReference; lastKnownFileType = sourcecode.c.objc; path = ViewController.m; sourceTree = "<group>"; };
		9EE3E8C125E44CC9000B16CD /* Base */ = {isa = PBXFileReference; lastKnownFileType = file.storyboard; name = Base; path = Base.lproj/Main.storyboard; sourceTree = "<group>"; };
		9EE3E8C325E44CCC000B16CD /* Assets.xcassets */ = {isa = PBXFileReference; lastKnownFileType = folder.assetcatalog; path = Assets.xcassets; sourceTree = "<group>"; };
		9EE3E8C625E44CCC000B16CD /* Base */ = {isa = PBXFileReference; lastKnownFileType = file.storyboard; name = Base; path = Base.lproj/LaunchScreen.storyboard; sourceTree = "<group>"; };
		9EE3E8C825E44CCC000B16CD /* Info.plist */ = {isa = PBXFileReference; lastKnownFileType = text.plist.xml; path = Info.plist; sourceTree = "<group>"; };
		9EE3E8C925E44CCC000B16CD /* main.m */ = {isa = PBXFileReference; lastKnownFileType = sourcecode.c.objc; path = main.m; sourceTree = "<group>"; };
		9EE3E8D325E538E5000B16CD /* ScanViewController.h */ = {isa = PBXFileReference; lastKnownFileType = sourcecode.c.h; path = ScanViewController.h; sourceTree = "<group>"; };
		9EE3E8D425E538E5000B16CD /* ScanViewController.m */ = {isa = PBXFileReference; lastKnownFileType = sourcecode.c.objc; path = ScanViewController.m; sourceTree = "<group>"; };
		9EE3E8D725E5398E000B16CD /* UIUtils.h */ = {isa = PBXFileReference; lastKnownFileType = sourcecode.c.h; path = UIUtils.h; sourceTree = "<group>"; };
		9EE3E8DA25E539DF000B16CD /* UIUtils.m */ = {isa = PBXFileReference; lastKnownFileType = sourcecode.c.objc; path = UIUtils.m; sourceTree = "<group>"; };
		9EE3E8E025E53BC2000B16CD /* AVFoundation.framework */ = {isa = PBXFileReference; lastKnownFileType = wrapper.framework; name = AVFoundation.framework; path = System/Library/Frameworks/AVFoundation.framework; sourceTree = SDKROOT; };
		9EE3E8E425E53C44000B16CD /* CoreFoundation.framework */ = {isa = PBXFileReference; lastKnownFileType = wrapper.framework; name = CoreFoundation.framework; path = System/Library/Frameworks/CoreFoundation.framework; sourceTree = SDKROOT; };
		9EE3E8E625E53C54000B16CD /* Foundation.framework */ = {isa = PBXFileReference; lastKnownFileType = wrapper.framework; name = Foundation.framework; path = System/Library/Frameworks/Foundation.framework; sourceTree = SDKROOT; };
		9EE3E8E825E53C62000B16CD /* ImageCaptureCore.framework */ = {isa = PBXFileReference; lastKnownFileType = wrapper.framework; name = ImageCaptureCore.framework; path = System/Library/Frameworks/ImageCaptureCore.framework; sourceTree = SDKROOT; };
/* End PBXFileReference section */

/* Begin PBXFrameworksBuildPhase section */
		9EE3E8B125E44CC8000B16CD /* Frameworks */ = {
			isa = PBXFrameworksBuildPhase;
			buildActionMask = 2147483647;
			files = (
				9EE3E8E525E53C44000B16CD /* CoreFoundation.framework in Frameworks */,
				9EE3E8E725E53C54000B16CD /* Foundation.framework in Frameworks */,
				9EE3E8E925E53C62000B16CD /* ImageCaptureCore.framework in Frameworks */,
				9EE3E8E125E53BC2000B16CD /* AVFoundation.framework in Frameworks */,
			);
			runOnlyForDeploymentPostprocessing = 0;
		};
/* End PBXFrameworksBuildPhase section */

/* Begin PBXGroup section */
		9EE3E8AB25E44CC8000B16CD = {
			isa = PBXGroup;
			children = (
				9EE3E8B625E44CC8000B16CD /* Circle Consumer Wallet */,
				9EE3E8B525E44CC8000B16CD /* Products */,
				9EE3E8DF25E53BC2000B16CD /* Frameworks */,
			);
			sourceTree = "<group>";
		};
		9EE3E8B525E44CC8000B16CD /* Products */ = {
			isa = PBXGroup;
			children = (
				9EE3E8B425E44CC8000B16CD /* Circle Consumer Wallet.app */,
			);
			name = Products;
			sourceTree = "<group>";
		};
		9EE3E8B625E44CC8000B16CD /* Circle Consumer Wallet */ = {
			isa = PBXGroup;
			children = (
				9EE3E8B725E44CC8000B16CD /* AppDelegate.h */,
				9EE3E8B825E44CC8000B16CD /* AppDelegate.m */,
				9EE3E8BA25E44CC8000B16CD /* SceneDelegate.h */,
				9EE3E8BB25E44CC8000B16CD /* SceneDelegate.m */,
				9EE3E8BD25E44CC8000B16CD /* ViewController.h */,
				9EE3E8BE25E44CC8000B16CD /* ViewController.m */,
				9EE3E8C025E44CC9000B16CD /* Main.storyboard */,
				9E4A5E6E25E552DA0000983C /* beep1.mp3 */,
				9EE3E8C325E44CCC000B16CD /* Assets.xcassets */,
				9EE3E8C525E44CCC000B16CD /* LaunchScreen.storyboard */,
				9EE3E8C825E44CCC000B16CD /* Info.plist */,
				9EE3E8C925E44CCC000B16CD /* main.m */,
				9EE3E8D325E538E5000B16CD /* ScanViewController.h */,
				9EE3E8D425E538E5000B16CD /* ScanViewController.m */,
				9EE3E8D725E5398E000B16CD /* UIUtils.h */,
				9EE3E8DA25E539DF000B16CD /* UIUtils.m */,
				9E4A5E7225E55BF70000983C /* PayViewController.h */,
				9E4A5E7325E55BF70000983C /* PayViewController.m */,
				9EA02D8C25E9933300847FB1 /* TabView.storyboard */,
			);
			path = "Circle Consumer Wallet";
			sourceTree = "<group>";
		};
		9EE3E8DF25E53BC2000B16CD /* Frameworks */ = {
			isa = PBXGroup;
			children = (
				9EE3E8E825E53C62000B16CD /* ImageCaptureCore.framework */,
				9EE3E8E625E53C54000B16CD /* Foundation.framework */,
				9EE3E8E425E53C44000B16CD /* CoreFoundation.framework */,
				9EE3E8E025E53BC2000B16CD /* AVFoundation.framework */,
			);
			name = Frameworks;
			sourceTree = "<group>";
		};
/* End PBXGroup section */

/* Begin PBXNativeTarget section */
		9EE3E8B325E44CC8000B16CD /* Circle Consumer Wallet */ = {
			isa = PBXNativeTarget;
			buildConfigurationList = 9EE3E8CD25E44CCC000B16CD /* Build configuration list for PBXNativeTarget "Circle Consumer Wallet" */;
			buildPhases = (
				9EE3E8B025E44CC8000B16CD /* Sources */,
				9EE3E8B125E44CC8000B16CD /* Frameworks */,
				9EE3E8B225E44CC8000B16CD /* Resources */,
			);
			buildRules = (
			);
			dependencies = (
			);
			name = "Circle Consumer Wallet";
			productName = "Circle Consumer Wallet";
			productReference = 9EE3E8B425E44CC8000B16CD /* Circle Consumer Wallet.app */;
			productType = "com.apple.product-type.application";
		};
/* End PBXNativeTarget section */

/* Begin PBXProject section */
		9EE3E8AC25E44CC8000B16CD /* Project object */ = {
			isa = PBXProject;
			attributes = {
				LastUpgradeCheck = 1230;
				TargetAttributes = {
					9EE3E8B325E44CC8000B16CD = {
						CreatedOnToolsVersion = 12.3;
					};
				};
			};
			buildConfigurationList = 9EE3E8AF25E44CC8000B16CD /* Build configuration list for PBXProject "Circle Consumer Wallet" */;
			compatibilityVersion = "Xcode 9.3";
			developmentRegion = en;
			hasScannedForEncodings = 0;
			knownRegions = (
				en,
				Base,
			);
			mainGroup = 9EE3E8AB25E44CC8000B16CD;
			productRefGroup = 9EE3E8B525E44CC8000B16CD /* Products */;
			projectDirPath = "";
			projectRoot = "";
			targets = (
				9EE3E8B325E44CC8000B16CD /* Circle Consumer Wallet */,
			);
		};
/* End PBXProject section */

/* Begin PBXResourcesBuildPhase section */
		9EE3E8B225E44CC8000B16CD /* Resources */ = {
			isa = PBXResourcesBuildPhase;
			buildActionMask = 2147483647;
			files = (
				9E4A5E6F25E552DA0000983C /* beep1.mp3 in Resources */,
				9EA02D8D25E9933300847FB1 /* TabView.storyboard in Resources */,
				9EE3E8C725E44CCC000B16CD /* LaunchScreen.storyboard in Resources */,
				9EE3E8C425E44CCC000B16CD /* Assets.xcassets in Resources */,
				9EE3E8C225E44CC9000B16CD /* Main.storyboard in Resources */,
			);
			runOnlyForDeploymentPostprocessing = 0;
		};
/* End PBXResourcesBuildPhase section */

/* Begin PBXSourcesBuildPhase section */
		9EE3E8B025E44CC8000B16CD /* Sources */ = {
			isa = PBXSourcesBuildPhase;
			buildActionMask = 2147483647;
			files = (
				9EE3E8BF25E44CC9000B16CD /* ViewController.m in Sources */,
				9E4A5E7425E55BF70000983C /* PayViewController.m in Sources */,
				9EE3E8D525E538E5000B16CD /* ScanViewController.m in Sources */,
				9E4A5E7725E5B27B0000983C /* UIUtils.m in Sources */,
				9EE3E8B925E44CC8000B16CD /* AppDelegate.m in Sources */,
				9EE3E8CA25E44CCC000B16CD /* main.m in Sources */,
				9EE3E8BC25E44CC8000B16CD /* SceneDelegate.m in Sources */,
				9EE3E8D825E5398E000B16CD /* UIUtils.h in Sources */,
			);
			runOnlyForDeploymentPostprocessing = 0;
		};
/* End PBXSourcesBuildPhase section */

/* Begin PBXVariantGroup section */
		9EE3E8C025E44CC9000B16CD /* Main.storyboard */ = {
			isa = PBXVariantGroup;
			children = (
				9EE3E8C125E44CC9000B16CD /* Base */,
			);
			name = Main.storyboard;
			sourceTree = "<group>";
		};
		9EE3E8C525E44CCC000B16CD /* LaunchScreen.storyboard */ = {
			isa = PBXVariantGroup;
			children = (
				9EE3E8C625E44CCC000B16CD /* Base */,
			);
			name = LaunchScreen.storyboard;
			sourceTree = "<group>";
		};
/* End PBXVariantGroup section */

/* Begin XCBuildConfiguration section */
		9EE3E8CB25E44CCC000B16CD /* Debug */ = {
			isa = XCBuildConfiguration;
			buildSettings = {
				ALWAYS_SEARCH_USER_PATHS = NO;
				CLANG_ANALYZER_NONNULL = YES;
				CLANG_ANALYZER_NUMBER_OBJECT_CONVERSION = YES_AGGRESSIVE;
				CLANG_CXX_LANGUAGE_STANDARD = "gnu++14";
				CLANG_CXX_LIBRARY = "libc++";
				CLANG_ENABLE_MODULES = YES;
				CLANG_ENABLE_OBJC_ARC = YES;
				CLANG_ENABLE_OBJC_WEAK = YES;
				CLANG_WARN_BLOCK_CAPTURE_AUTORELEASING = YES;
				CLANG_WARN_BOOL_CONVERSION = YES;
				CLANG_WARN_COMMA = YES;
				CLANG_WARN_CONSTANT_CONVERSION = YES;
				CLANG_WARN_DEPRECATED_OBJC_IMPLEMENTATIONS = YES;
				CLANG_WARN_DIRECT_OBJC_ISA_USAGE = YES_ERROR;
				CLANG_WARN_DOCUMENTATION_COMMENTS = YES;
				CLANG_WARN_EMPTY_BODY = YES;
				CLANG_WARN_ENUM_CONVERSION = YES;
				CLANG_WARN_INFINITE_RECURSION = YES;
				CLANG_WARN_INT_CONVERSION = YES;
				CLANG_WARN_NON_LITERAL_NULL_CONVERSION = YES;
				CLANG_WARN_OBJC_IMPLICIT_RETAIN_SELF = YES;
				CLANG_WARN_OBJC_LITERAL_CONVERSION = YES;
				CLANG_WARN_OBJC_ROOT_CLASS = YES_ERROR;
				CLANG_WARN_QUOTED_INCLUDE_IN_FRAMEWORK_HEADER = YES;
				CLANG_WARN_RANGE_LOOP_ANALYSIS = YES;
				CLANG_WARN_STRICT_PROTOTYPES = YES;
				CLANG_WARN_SUSPICIOUS_MOVE = YES;
				CLANG_WARN_UNGUARDED_AVAILABILITY = YES_AGGRESSIVE;
				CLANG_WARN_UNREACHABLE_CODE = YES;
				CLANG_WARN__DUPLICATE_METHOD_MATCH = YES;
				COPY_PHASE_STRIP = NO;
				DEBUG_INFORMATION_FORMAT = dwarf;
				ENABLE_STRICT_OBJC_MSGSEND = YES;
				ENABLE_TESTABILITY = YES;
				GCC_C_LANGUAGE_STANDARD = gnu11;
				GCC_DYNAMIC_NO_PIC = NO;
				GCC_NO_COMMON_BLOCKS = YES;
				GCC_OPTIMIZATION_LEVEL = 0;
				GCC_PREPROCESSOR_DEFINITIONS = (
					"DEBUG=1",
					"$(inherited)",
				);
				GCC_WARN_64_TO_32_BIT_CONVERSION = YES;
				GCC_WARN_ABOUT_RETURN_TYPE = YES_ERROR;
				GCC_WARN_UNDECLARED_SELECTOR = YES;
				GCC_WARN_UNINITIALIZED_AUTOS = YES_AGGRESSIVE;
				GCC_WARN_UNUSED_FUNCTION = YES;
				GCC_WARN_UNUSED_VARIABLE = YES;
				IPHONEOS_DEPLOYMENT_TARGET = 14.3;
				MTL_ENABLE_DEBUG_INFO = INCLUDE_SOURCE;
				MTL_FAST_MATH = YES;
				ONLY_ACTIVE_ARCH = YES;
				SDKROOT = iphoneos;
			};
			name = Debug;
		};
		9EE3E8CC25E44CCC000B16CD /* Release */ = {
			isa = XCBuildConfiguration;
			buildSettings = {
				ALWAYS_SEARCH_USER_PATHS = NO;
				CLANG_ANALYZER_NONNULL = YES;
				CLANG_ANALYZER_NUMBER_OBJECT_CONVERSION = YES_AGGRESSIVE;
				CLANG_CXX_LANGUAGE_STANDARD = "gnu++14";
				CLANG_CXX_LIBRARY = "libc++";
				CLANG_ENABLE_MODULES = YES;
				CLANG_ENABLE_OBJC_ARC = YES;
				CLANG_ENABLE_OBJC_WEAK = YES;
				CLANG_WARN_BLOCK_CAPTURE_AUTORELEASING = YES;
				CLANG_WARN_BOOL_CONVERSION = YES;
				CLANG_WARN_COMMA = YES;
				CLANG_WARN_CONSTANT_CONVERSION = YES;
				CLANG_WARN_DEPRECATED_OBJC_IMPLEMENTATIONS = YES;
				CLANG_WARN_DIRECT_OBJC_ISA_USAGE = YES_ERROR;
				CLANG_WARN_DOCUMENTATION_COMMENTS = YES;
				CLANG_WARN_EMPTY_BODY = YES;
				CLANG_WARN_ENUM_CONVERSION = YES;
				CLANG_WARN_INFINITE_RECURSION = YES;
				CLANG_WARN_INT_CONVERSION = YES;
				CLANG_WARN_NON_LITERAL_NULL_CONVERSION = YES;
				CLANG_WARN_OBJC_IMPLICIT_RETAIN_SELF = YES;
				CLANG_WARN_OBJC_LITERAL_CONVERSION = YES;
				CLANG_WARN_OBJC_ROOT_CLASS = YES_ERROR;
				CLANG_WARN_QUOTED_INCLUDE_IN_FRAMEWORK_HEADER = YES;
				CLANG_WARN_RANGE_LOOP_ANALYSIS = YES;
				CLANG_WARN_STRICT_PROTOTYPES = YES;
				CLANG_WARN_SUSPICIOUS_MOVE = YES;
				CLANG_WARN_UNGUARDED_AVAILABILITY = YES_AGGRESSIVE;
				CLANG_WARN_UNREACHABLE_CODE = YES;
				CLANG_WARN__DUPLICATE_METHOD_MATCH = YES;
				COPY_PHASE_STRIP = NO;
				DEBUG_INFORMATION_FORMAT = "dwarf-with-dsym";
				ENABLE_NS_ASSERTIONS = NO;
				ENABLE_STRICT_OBJC_MSGSEND = YES;
				GCC_C_LANGUAGE_STANDARD = gnu11;
				GCC_NO_COMMON_BLOCKS = YES;
				GCC_WARN_64_TO_32_BIT_CONVERSION = YES;
				GCC_WARN_ABOUT_RETURN_TYPE = YES_ERROR;
				GCC_WARN_UNDECLARED_SELECTOR = YES;
				GCC_WARN_UNINITIALIZED_AUTOS = YES_AGGRESSIVE;
				GCC_WARN_UNUSED_FUNCTION = YES;
				GCC_WARN_UNUSED_VARIABLE = YES;
				IPHONEOS_DEPLOYMENT_TARGET = 14.3;
				MTL_ENABLE_DEBUG_INFO = NO;
				MTL_FAST_MATH = YES;
				SDKROOT = iphoneos;
				VALIDATE_PRODUCT = YES;
			};
			name = Release;
		};
		9EE3E8CE25E44CCC000B16CD /* Debug */ = {
			isa = XCBuildConfiguration;
			buildSettings = {
				ASSETCATALOG_COMPILER_APPICON_NAME = AppIcon;
				ASSETCATALOG_COMPILER_GLOBAL_ACCENT_COLOR_NAME = AccentColor;
				CODE_SIGN_STYLE = Automatic;
				DEVELOPMENT_TEAM = WB2QVKD95T;
				INFOPLIST_FILE = "Circle Consumer Wallet/Info.plist";
				LD_RUNPATH_SEARCH_PATHS = (
					"$(inherited)",
					"@executable_path/Frameworks",
				);
				PRODUCT_BUNDLE_IDENTIFIER = "com.teck.Circle-Consumer-Wallet";
				PRODUCT_NAME = "$(TARGET_NAME)";
				TARGETED_DEVICE_FAMILY = 1;
			};
			name = Debug;
		};
		9EE3E8CF25E44CCC000B16CD /* Release */ = {
			isa = XCBuildConfiguration;
			buildSettings = {
				ASSETCATALOG_COMPILER_APPICON_NAME = AppIcon;
				ASSETCATALOG_COMPILER_GLOBAL_ACCENT_COLOR_NAME = AccentColor;
				CODE_SIGN_STYLE = Automatic;
				DEVELOPMENT_TEAM = WB2QVKD95T;
				INFOPLIST_FILE = "Circle Consumer Wallet/Info.plist";
				LD_RUNPATH_SEARCH_PATHS = (
					"$(inherited)",
					"@executable_path/Frameworks",
				);
				PRODUCT_BUNDLE_IDENTIFIER = "com.teck.Circle-Consumer-Wallet";
				PRODUCT_NAME = "$(TARGET_NAME)";
				TARGETED_DEVICE_FAMILY = 1;
			};
			name = Release;
		};
/* End XCBuildConfiguration section */

/* Begin XCConfigurationList section */
		9EE3E8AF25E44CC8000B16CD /* Build configuration list for PBXProject "Circle Consumer Wallet" */ = {
			isa = XCConfigurationList;
			buildConfigurations = (
				9EE3E8CB25E44CCC000B16CD /* Debug */,
				9EE3E8CC25E44CCC000B16CD /* Release */,
			);
			defaultConfigurationIsVisible = 0;
			defaultConfigurationName = Release;
		};
		9EE3E8CD25E44CCC000B16CD /* Build configuration list for PBXNativeTarget "Circle Consumer Wallet" */ = {
			isa = XCConfigurationList;
			buildConfigurations = (
				9EE3E8CE25E44CCC000B16CD /* Debug */,
				9EE3E8CF25E44CCC000B16CD /* Release */,
			);
			defaultConfigurationIsVisible = 0;
			defaultConfigurationName = Release;
		};
/* End XCConfigurationList section */
	};
	rootObject = 9EE3E8AC25E44CC8000B16CD /* Project object */;
}
